// !$*UTF8*$!
{
	archiveVersion = 1;
	classes = {
	};
	objectVersion = 55;
	objects = {

/* Begin PBXBuildFile section */
		7354972728F9EA760024F48B /* TimingFunction.swift in Sources */ = {isa = PBXBuildFile; fileRef = 7354972628F9EA760024F48B /* TimingFunction.swift */; };
		7354972928F9EAB70024F48B /* UnitBezier.swift in Sources */ = {isa = PBXBuildFile; fileRef = 7354972828F9EAB70024F48B /* UnitBezier.swift */; };
		737FF95C28FDB1BB0027F73A /* CAShapeLayer+Extensions.swift in Sources */ = {isa = PBXBuildFile; fileRef = 737FF95B28FDB1BB0027F73A /* CAShapeLayer+Extensions.swift */; };
		737FF95E28FDB3080027F73A /* OutlineLinesShape.swift in Sources */ = {isa = PBXBuildFile; fileRef = 737FF95D28FDB3080027F73A /* OutlineLinesShape.swift */; };
		737FF96028FDC29F0027F73A /* LabelInputContainerView.swift in Sources */ = {isa = PBXBuildFile; fileRef = 737FF95F28FDC29F0027F73A /* LabelInputContainerView.swift */; };
		737FF96228FDCD0C0027F73A /* LabelContainerViewConfiguration.swift in Sources */ = {isa = PBXBuildFile; fileRef = 737FF96128FDCD0C0027F73A /* LabelContainerViewConfiguration.swift */; };
		739FB28C28F72920007C1929 /* AppDelegate.swift in Sources */ = {isa = PBXBuildFile; fileRef = 739FB28B28F72920007C1929 /* AppDelegate.swift */; };
		739FB28E28F72920007C1929 /* SceneDelegate.swift in Sources */ = {isa = PBXBuildFile; fileRef = 739FB28D28F72920007C1929 /* SceneDelegate.swift */; };
		739FB29028F72920007C1929 /* ViewController.swift in Sources */ = {isa = PBXBuildFile; fileRef = 739FB28F28F72920007C1929 /* ViewController.swift */; };
		739FB29528F72920007C1929 /* Assets.xcassets in Resources */ = {isa = PBXBuildFile; fileRef = 739FB29428F72920007C1929 /* Assets.xcassets */; };
		739FB29828F72920007C1929 /* LaunchScreen.storyboard in Resources */ = {isa = PBXBuildFile; fileRef = 739FB29628F72920007C1929 /* LaunchScreen.storyboard */; };
		739FB2A128F72BA1007C1929 /* FontCustomizationAccessoryView.swift in Sources */ = {isa = PBXBuildFile; fileRef = 739FB2A028F72BA1007C1929 /* FontCustomizationAccessoryView.swift */; };
		739FB2A428F72D09007C1929 /* AutoLayout+Extensions.swift in Sources */ = {isa = PBXBuildFile; fileRef = 739FB2A328F72D09007C1929 /* AutoLayout+Extensions.swift */; };
		739FB2A728F72EEA007C1929 /* FontItemCell.swift in Sources */ = {isa = PBXBuildFile; fileRef = 739FB2A628F72EEA007C1929 /* FontItemCell.swift */; };
		739FB2A928F72F02007C1929 /* FontCustomizationAccessoryViewConfiguration.swift in Sources */ = {isa = PBXBuildFile; fileRef = 739FB2A828F72F02007C1929 /* FontCustomizationAccessoryViewConfiguration.swift */; };
		739FB2AF28F72FCF007C1929 /* Functions.swift in Sources */ = {isa = PBXBuildFile; fileRef = 739FB2AE28F72FCF007C1929 /* Functions.swift */; };
		739FB2B228F730A2007C1929 /* Configurable.swift in Sources */ = {isa = PBXBuildFile; fileRef = 739FB2B128F730A2007C1929 /* Configurable.swift */; };
		739FB2B428F730F5007C1929 /* UICollectionView+Extensions.swift in Sources */ = {isa = PBXBuildFile; fileRef = 739FB2B328F730F5007C1929 /* UICollectionView+Extensions.swift */; };
		739FB2B628F7310B007C1929 /* ReusableCell.swift in Sources */ = {isa = PBXBuildFile; fileRef = 739FB2B528F7310B007C1929 /* ReusableCell.swift */; };
		73B72C7328F87409006FD9B1 /* Snapshot+Extensions.swift in Sources */ = {isa = PBXBuildFile; fileRef = 73B72C7228F87409006FD9B1 /* Snapshot+Extensions.swift */; };
		73B72C7628F87781006FD9B1 /* LabelTextView.swift in Sources */ = {isa = PBXBuildFile; fileRef = 73B72C7528F87781006FD9B1 /* LabelTextView.swift */; };
		73B72C7928F877DC006FD9B1 /* LabelTextViewConfiguration.swift in Sources */ = {isa = PBXBuildFile; fileRef = 73B72C7828F877DC006FD9B1 /* LabelTextViewConfiguration.swift */; };
		73B72C8328F88362006FD9B1 /* NSRange+Extensions.swift in Sources */ = {isa = PBXBuildFile; fileRef = 73B72C8228F88362006FD9B1 /* NSRange+Extensions.swift */; };
		73D31DBE28FC4AD900A6969D /* Collection+Extensions.swift in Sources */ = {isa = PBXBuildFile; fileRef = 73D31DBD28FC4AD900A6969D /* Collection+Extensions.swift */; };
		73D31DC028FC553F00A6969D /* OutlineMode.swift in Sources */ = {isa = PBXBuildFile; fileRef = 73D31DBF28FC553F00A6969D /* OutlineMode.swift */; };
		73D31DC228FC55A700A6969D /* OutlineLetterShape.swift in Sources */ = {isa = PBXBuildFile; fileRef = 73D31DC128FC55A700A6969D /* OutlineLetterShape.swift */; };
		73D31DC428FC55B200A6969D /* OutlineBackgroundShape.swift in Sources */ = {isa = PBXBuildFile; fileRef = 73D31DC328FC55B200A6969D /* OutlineBackgroundShape.swift */; };
		73D31DC828FC68BD00A6969D /* UIColor+Extensions.swift in Sources */ = {isa = PBXBuildFile; fileRef = 73D31DC728FC68BD00A6969D /* UIColor+Extensions.swift */; };
		73E99B4328FA9EDC00D83487 /* Shape.swift in Sources */ = {isa = PBXBuildFile; fileRef = 73E99B4228FA9EDC00D83487 /* Shape.swift */; };
		73E99B4528FA9F3A00D83487 /* ShapeMorphingButton.swift in Sources */ = {isa = PBXBuildFile; fileRef = 73E99B4428FA9F3A00D83487 /* ShapeMorphingButton.swift */; };
		73E99B4728FAA14800D83487 /* Durations.swift in Sources */ = {isa = PBXBuildFile; fileRef = 73E99B4628FAA14800D83487 /* Durations.swift */; };
		73E99B4928FAA49A00D83487 /* TextAlignmentShape.swift in Sources */ = {isa = PBXBuildFile; fileRef = 73E99B4828FAA49A00D83487 /* TextAlignmentShape.swift */; };
		73E99B4B28FAA4BD00D83487 /* TextAlignment.swift in Sources */ = {isa = PBXBuildFile; fileRef = 73E99B4A28FAA4BD00D83487 /* TextAlignment.swift */; };
		73E99B4D28FAD97900D83487 /* Animator.swift in Sources */ = {isa = PBXBuildFile; fileRef = 73E99B4C28FAD97900D83487 /* Animator.swift */; };
		73E99B5028FAED3C00D83487 /* LabelTextViewLayoutManager.swift in Sources */ = {isa = PBXBuildFile; fileRef = 73E99B4F28FAED3C00D83487 /* LabelTextViewLayoutManager.swift */; };
		73E99B5328FAEE1900D83487 /* NSAttributedStringKey+Extensions.swift in Sources */ = {isa = PBXBuildFile; fileRef = 73E99B5228FAEE1900D83487 /* NSAttributedStringKey+Extensions.swift */; };
/* End PBXBuildFile section */

/* Begin PBXFileReference section */
		7354972628F9EA760024F48B /* TimingFunction.swift */ = {isa = PBXFileReference; lastKnownFileType = sourcecode.swift; path = TimingFunction.swift; sourceTree = "<group>"; };
		7354972828F9EAB70024F48B /* UnitBezier.swift */ = {isa = PBXFileReference; lastKnownFileType = sourcecode.swift; path = UnitBezier.swift; sourceTree = "<group>"; };
		737FF95B28FDB1BB0027F73A /* CAShapeLayer+Extensions.swift */ = {isa = PBXFileReference; lastKnownFileType = sourcecode.swift; path = "CAShapeLayer+Extensions.swift"; sourceTree = "<group>"; };
		737FF95D28FDB3080027F73A /* OutlineLinesShape.swift */ = {isa = PBXFileReference; lastKnownFileType = sourcecode.swift; path = OutlineLinesShape.swift; sourceTree = "<group>"; };
		737FF95F28FDC29F0027F73A /* LabelInputContainerView.swift */ = {isa = PBXFileReference; lastKnownFileType = sourcecode.swift; path = LabelInputContainerView.swift; sourceTree = "<group>"; };
		737FF96128FDCD0C0027F73A /* LabelContainerViewConfiguration.swift */ = {isa = PBXFileReference; lastKnownFileType = sourcecode.swift; path = LabelContainerViewConfiguration.swift; sourceTree = "<group>"; };
		739FB28828F72920007C1929 /* TelegramContestApp.app */ = {isa = PBXFileReference; explicitFileType = wrapper.application; includeInIndex = 0; path = TelegramContestApp.app; sourceTree = BUILT_PRODUCTS_DIR; };
		739FB28B28F72920007C1929 /* AppDelegate.swift */ = {isa = PBXFileReference; lastKnownFileType = sourcecode.swift; path = AppDelegate.swift; sourceTree = "<group>"; };
		739FB28D28F72920007C1929 /* SceneDelegate.swift */ = {isa = PBXFileReference; lastKnownFileType = sourcecode.swift; path = SceneDelegate.swift; sourceTree = "<group>"; };
		739FB28F28F72920007C1929 /* ViewController.swift */ = {isa = PBXFileReference; lastKnownFileType = sourcecode.swift; path = ViewController.swift; sourceTree = "<group>"; };
		739FB29428F72920007C1929 /* Assets.xcassets */ = {isa = PBXFileReference; lastKnownFileType = folder.assetcatalog; path = Assets.xcassets; sourceTree = "<group>"; };
		739FB29728F72920007C1929 /* Base */ = {isa = PBXFileReference; lastKnownFileType = file.storyboard; name = Base; path = Base.lproj/LaunchScreen.storyboard; sourceTree = "<group>"; };
		739FB29928F72920007C1929 /* Info.plist */ = {isa = PBXFileReference; lastKnownFileType = text.plist.xml; path = Info.plist; sourceTree = "<group>"; };
		739FB2A028F72BA1007C1929 /* FontCustomizationAccessoryView.swift */ = {isa = PBXFileReference; lastKnownFileType = sourcecode.swift; path = FontCustomizationAccessoryView.swift; sourceTree = "<group>"; };
		739FB2A328F72D09007C1929 /* AutoLayout+Extensions.swift */ = {isa = PBXFileReference; lastKnownFileType = sourcecode.swift; path = "AutoLayout+Extensions.swift"; sourceTree = "<group>"; };
		739FB2A628F72EEA007C1929 /* FontItemCell.swift */ = {isa = PBXFileReference; lastKnownFileType = sourcecode.swift; path = FontItemCell.swift; sourceTree = "<group>"; };
		739FB2A828F72F02007C1929 /* FontCustomizationAccessoryViewConfiguration.swift */ = {isa = PBXFileReference; lastKnownFileType = sourcecode.swift; path = FontCustomizationAccessoryViewConfiguration.swift; sourceTree = "<group>"; };
		739FB2AE28F72FCF007C1929 /* Functions.swift */ = {isa = PBXFileReference; lastKnownFileType = sourcecode.swift; path = Functions.swift; sourceTree = "<group>"; };
		739FB2B128F730A2007C1929 /* Configurable.swift */ = {isa = PBXFileReference; lastKnownFileType = sourcecode.swift; path = Configurable.swift; sourceTree = "<group>"; };
		739FB2B328F730F5007C1929 /* UICollectionView+Extensions.swift */ = {isa = PBXFileReference; lastKnownFileType = sourcecode.swift; path = "UICollectionView+Extensions.swift"; sourceTree = "<group>"; };
		739FB2B528F7310B007C1929 /* ReusableCell.swift */ = {isa = PBXFileReference; lastKnownFileType = sourcecode.swift; path = ReusableCell.swift; sourceTree = "<group>"; };
		73B72C7228F87409006FD9B1 /* Snapshot+Extensions.swift */ = {isa = PBXFileReference; lastKnownFileType = sourcecode.swift; path = "Snapshot+Extensions.swift"; sourceTree = "<group>"; };
		73B72C7528F87781006FD9B1 /* LabelTextView.swift */ = {isa = PBXFileReference; lastKnownFileType = sourcecode.swift; path = LabelTextView.swift; sourceTree = "<group>"; };
		73B72C7828F877DC006FD9B1 /* LabelTextViewConfiguration.swift */ = {isa = PBXFileReference; lastKnownFileType = sourcecode.swift; path = LabelTextViewConfiguration.swift; sourceTree = "<group>"; };
		73B72C8228F88362006FD9B1 /* NSRange+Extensions.swift */ = {isa = PBXFileReference; lastKnownFileType = sourcecode.swift; path = "NSRange+Extensions.swift"; sourceTree = "<group>"; };
		73D31DBD28FC4AD900A6969D /* Collection+Extensions.swift */ = {isa = PBXFileReference; lastKnownFileType = sourcecode.swift; path = "Collection+Extensions.swift"; sourceTree = "<group>"; };
		73D31DBF28FC553F00A6969D /* OutlineMode.swift */ = {isa = PBXFileReference; lastKnownFileType = sourcecode.swift; path = OutlineMode.swift; sourceTree = "<group>"; };
		73D31DC128FC55A700A6969D /* OutlineLetterShape.swift */ = {isa = PBXFileReference; lastKnownFileType = sourcecode.swift; path = OutlineLetterShape.swift; sourceTree = "<group>"; };
		73D31DC328FC55B200A6969D /* OutlineBackgroundShape.swift */ = {isa = PBXFileReference; lastKnownFileType = sourcecode.swift; path = OutlineBackgroundShape.swift; sourceTree = "<group>"; };
		73D31DC728FC68BD00A6969D /* UIColor+Extensions.swift */ = {isa = PBXFileReference; lastKnownFileType = sourcecode.swift; path = "UIColor+Extensions.swift"; sourceTree = "<group>"; };
		73E99B4228FA9EDC00D83487 /* Shape.swift */ = {isa = PBXFileReference; lastKnownFileType = sourcecode.swift; path = Shape.swift; sourceTree = "<group>"; };
		73E99B4428FA9F3A00D83487 /* ShapeMorphingButton.swift */ = {isa = PBXFileReference; lastKnownFileType = sourcecode.swift; path = ShapeMorphingButton.swift; sourceTree = "<group>"; };
		73E99B4628FAA14800D83487 /* Durations.swift */ = {isa = PBXFileReference; lastKnownFileType = sourcecode.swift; path = Durations.swift; sourceTree = "<group>"; };
		73E99B4828FAA49A00D83487 /* TextAlignmentShape.swift */ = {isa = PBXFileReference; lastKnownFileType = sourcecode.swift; path = TextAlignmentShape.swift; sourceTree = "<group>"; };
		73E99B4A28FAA4BD00D83487 /* TextAlignment.swift */ = {isa = PBXFileReference; lastKnownFileType = sourcecode.swift; path = TextAlignment.swift; sourceTree = "<group>"; };
		73E99B4C28FAD97900D83487 /* Animator.swift */ = {isa = PBXFileReference; lastKnownFileType = sourcecode.swift; path = Animator.swift; sourceTree = "<group>"; };
		73E99B4F28FAED3C00D83487 /* LabelTextViewLayoutManager.swift */ = {isa = PBXFileReference; lastKnownFileType = sourcecode.swift; path = LabelTextViewLayoutManager.swift; sourceTree = "<group>"; };
		73E99B5228FAEE1900D83487 /* NSAttributedStringKey+Extensions.swift */ = {isa = PBXFileReference; lastKnownFileType = sourcecode.swift; path = "NSAttributedStringKey+Extensions.swift"; sourceTree = "<group>"; };
/* End PBXFileReference section */

/* Begin PBXFrameworksBuildPhase section */
		739FB28528F72920007C1929 /* Frameworks */ = {
			isa = PBXFrameworksBuildPhase;
			buildActionMask = 2147483647;
			files = (
			);
			runOnlyForDeploymentPostprocessing = 0;
		};
/* End PBXFrameworksBuildPhase section */

/* Begin PBXGroup section */
		7354972528F9EA4B0024F48B /* Animation */ = {
			isa = PBXGroup;
			children = (
				7354972628F9EA760024F48B /* TimingFunction.swift */,
				7354972828F9EAB70024F48B /* UnitBezier.swift */,
				73E99B4C28FAD97900D83487 /* Animator.swift */,
			);
			path = Animation;
			sourceTree = "<group>";
		};
		739FB27F28F72920007C1929 = {
			isa = PBXGroup;
			children = (
				739FB28A28F72920007C1929 /* TelegramContestApp */,
				739FB28928F72920007C1929 /* Products */,
			);
			sourceTree = "<group>";
		};
		739FB28928F72920007C1929 /* Products */ = {
			isa = PBXGroup;
			children = (
				739FB28828F72920007C1929 /* TelegramContestApp.app */,
			);
			name = Products;
			sourceTree = "<group>";
		};
		739FB28A28F72920007C1929 /* TelegramContestApp */ = {
			isa = PBXGroup;
			children = (
				739FB2AC28F72FBF007C1929 /* Utils */,
				739FB29F28F729B8007C1929 /* Components */,
				739FB28B28F72920007C1929 /* AppDelegate.swift */,
				739FB28D28F72920007C1929 /* SceneDelegate.swift */,
				739FB28F28F72920007C1929 /* ViewController.swift */,
				739FB29428F72920007C1929 /* Assets.xcassets */,
				739FB29628F72920007C1929 /* LaunchScreen.storyboard */,
				739FB29928F72920007C1929 /* Info.plist */,
			);
			path = TelegramContestApp;
			sourceTree = "<group>";
		};
		739FB29F28F729B8007C1929 /* Components */ = {
			isa = PBXGroup;
			children = (
				73E99B4028FA9DB400D83487 /* ShapeMorphingButton */,
				73B72C7428F8770B006FD9B1 /* LabelTextView */,
				739FB2A528F72E28007C1929 /* AccessoryView */,
			);
			path = Components;
			sourceTree = "<group>";
		};
		739FB2A228F72CF9007C1929 /* Extensions */ = {
			isa = PBXGroup;
			children = (
				739FB2A328F72D09007C1929 /* AutoLayout+Extensions.swift */,
				739FB2B328F730F5007C1929 /* UICollectionView+Extensions.swift */,
				73B72C7228F87409006FD9B1 /* Snapshot+Extensions.swift */,
				73B72C8228F88362006FD9B1 /* NSRange+Extensions.swift */,
				73E99B5228FAEE1900D83487 /* NSAttributedStringKey+Extensions.swift */,
				73D31DBD28FC4AD900A6969D /* Collection+Extensions.swift */,
				73D31DC728FC68BD00A6969D /* UIColor+Extensions.swift */,
				737FF95B28FDB1BB0027F73A /* CAShapeLayer+Extensions.swift */,
			);
			path = Extensions;
			sourceTree = "<group>";
		};
		739FB2A528F72E28007C1929 /* AccessoryView */ = {
			isa = PBXGroup;
			children = (
				739FB2A028F72BA1007C1929 /* FontCustomizationAccessoryView.swift */,
				739FB2A628F72EEA007C1929 /* FontItemCell.swift */,
				739FB2A828F72F02007C1929 /* FontCustomizationAccessoryViewConfiguration.swift */,
			);
			path = AccessoryView;
			sourceTree = "<group>";
		};
		739FB2AC28F72FBF007C1929 /* Utils */ = {
			isa = PBXGroup;
			children = (
				7354972528F9EA4B0024F48B /* Animation */,
				739FB2B028F73096007C1929 /* Protocols */,
				739FB2AD28F72FC6007C1929 /* Types */,
				739FB2A228F72CF9007C1929 /* Extensions */,
			);
			path = Utils;
			sourceTree = "<group>";
		};
		739FB2AD28F72FC6007C1929 /* Types */ = {
			isa = PBXGroup;
			children = (
				739FB2AE28F72FCF007C1929 /* Functions.swift */,
				73E99B4628FAA14800D83487 /* Durations.swift */,
				73E99B4A28FAA4BD00D83487 /* TextAlignment.swift */,
				73D31DBF28FC553F00A6969D /* OutlineMode.swift */,
			);
			path = Types;
			sourceTree = "<group>";
		};
		739FB2B028F73096007C1929 /* Protocols */ = {
			isa = PBXGroup;
			children = (
				739FB2B128F730A2007C1929 /* Configurable.swift */,
				739FB2B528F7310B007C1929 /* ReusableCell.swift */,
			);
			path = Protocols;
			sourceTree = "<group>";
		};
		73B72C7428F8770B006FD9B1 /* LabelTextView */ = {
			isa = PBXGroup;
			children = (
				73E99B4E28FAED2F00D83487 /* Layout */,
				73B72C7528F87781006FD9B1 /* LabelTextView.swift */,
				73B72C7828F877DC006FD9B1 /* LabelTextViewConfiguration.swift */,
				737FF95F28FDC29F0027F73A /* LabelInputContainerView.swift */,
				737FF96128FDCD0C0027F73A /* LabelContainerViewConfiguration.swift */,
			);
			path = LabelTextView;
			sourceTree = "<group>";
		};
		73D31DBA28FC405800A6969D /* Shapes */ = {
			isa = PBXGroup;
			children = (
				73D31DC628FC55BC00A6969D /* Outline */,
				73D31DC528FC55B600A6969D /* Alignment */,
				73E99B4228FA9EDC00D83487 /* Shape.swift */,
			);
			path = Shapes;
			sourceTree = "<group>";
		};
		73D31DC528FC55B600A6969D /* Alignment */ = {
			isa = PBXGroup;
			children = (
				73E99B4828FAA49A00D83487 /* TextAlignmentShape.swift */,
			);
			path = Alignment;
			sourceTree = "<group>";
		};
		73D31DC628FC55BC00A6969D /* Outline */ = {
			isa = PBXGroup;
			children = (
				73D31DC128FC55A700A6969D /* OutlineLetterShape.swift */,
				73D31DC328FC55B200A6969D /* OutlineBackgroundShape.swift */,
				737FF95D28FDB3080027F73A /* OutlineLinesShape.swift */,
			);
			path = Outline;
			sourceTree = "<group>";
		};
		73E99B4028FA9DB400D83487 /* ShapeMorphingButton */ = {
			isa = PBXGroup;
			children = (
				73D31DBA28FC405800A6969D /* Shapes */,
				73E99B4428FA9F3A00D83487 /* ShapeMorphingButton.swift */,
			);
			path = ShapeMorphingButton;
			sourceTree = "<group>";
		};
		73E99B4E28FAED2F00D83487 /* Layout */ = {
			isa = PBXGroup;
			children = (
				73E99B4F28FAED3C00D83487 /* LabelTextViewLayoutManager.swift */,
			);
			path = Layout;
			sourceTree = "<group>";
		};
/* End PBXGroup section */

/* Begin PBXNativeTarget section */
		739FB28728F72920007C1929 /* TelegramContestApp */ = {
			isa = PBXNativeTarget;
			buildConfigurationList = 739FB29C28F72920007C1929 /* Build configuration list for PBXNativeTarget "TelegramContestApp" */;
			buildPhases = (
				739FB28428F72920007C1929 /* Sources */,
				739FB28528F72920007C1929 /* Frameworks */,
				739FB28628F72920007C1929 /* Resources */,
			);
			buildRules = (
			);
			dependencies = (
			);
			name = TelegramContestApp;
			productName = TelegramContestApp;
			productReference = 739FB28828F72920007C1929 /* TelegramContestApp.app */;
			productType = "com.apple.product-type.application";
		};
/* End PBXNativeTarget section */

/* Begin PBXProject section */
		739FB28028F72920007C1929 /* Project object */ = {
			isa = PBXProject;
			attributes = {
				BuildIndependentTargetsInParallel = 1;
				LastSwiftUpdateCheck = 1320;
				LastUpgradeCheck = 1320;
				TargetAttributes = {
					739FB28728F72920007C1929 = {
						CreatedOnToolsVersion = 13.2.1;
					};
				};
			};
			buildConfigurationList = 739FB28328F72920007C1929 /* Build configuration list for PBXProject "TelegramContestApp" */;
			compatibilityVersion = "Xcode 13.0";
			developmentRegion = en;
			hasScannedForEncodings = 0;
			knownRegions = (
				en,
				Base,
			);
			mainGroup = 739FB27F28F72920007C1929;
			productRefGroup = 739FB28928F72920007C1929 /* Products */;
			projectDirPath = "";
			projectRoot = "";
			targets = (
				739FB28728F72920007C1929 /* TelegramContestApp */,
			);
		};
/* End PBXProject section */

/* Begin PBXResourcesBuildPhase section */
		739FB28628F72920007C1929 /* Resources */ = {
			isa = PBXResourcesBuildPhase;
			buildActionMask = 2147483647;
			files = (
				739FB29828F72920007C1929 /* LaunchScreen.storyboard in Resources */,
				739FB29528F72920007C1929 /* Assets.xcassets in Resources */,
			);
			runOnlyForDeploymentPostprocessing = 0;
		};
/* End PBXResourcesBuildPhase section */

/* Begin PBXSourcesBuildPhase section */
		739FB28428F72920007C1929 /* Sources */ = {
			isa = PBXSourcesBuildPhase;
			buildActionMask = 2147483647;
			files = (
				7354972928F9EAB70024F48B /* UnitBezier.swift in Sources */,
				73D31DC828FC68BD00A6969D /* UIColor+Extensions.swift in Sources */,
				73B72C8328F88362006FD9B1 /* NSRange+Extensions.swift in Sources */,
				73B72C7628F87781006FD9B1 /* LabelTextView.swift in Sources */,
				73E99B5328FAEE1900D83487 /* NSAttributedStringKey+Extensions.swift in Sources */,
				73D31DC228FC55A700A6969D /* OutlineLetterShape.swift in Sources */,
				739FB29028F72920007C1929 /* ViewController.swift in Sources */,
				73D31DC428FC55B200A6969D /* OutlineBackgroundShape.swift in Sources */,
				7354972728F9EA760024F48B /* TimingFunction.swift in Sources */,
				739FB2B628F7310B007C1929 /* ReusableCell.swift in Sources */,
				73D31DBE28FC4AD900A6969D /* Collection+Extensions.swift in Sources */,
				73E99B4928FAA49A00D83487 /* TextAlignmentShape.swift in Sources */,
				73D31DC028FC553F00A6969D /* OutlineMode.swift in Sources */,
				739FB2A928F72F02007C1929 /* FontCustomizationAccessoryViewConfiguration.swift in Sources */,
				737FF96228FDCD0C0027F73A /* LabelContainerViewConfiguration.swift in Sources */,
				73E99B4B28FAA4BD00D83487 /* TextAlignment.swift in Sources */,
				73B72C7328F87409006FD9B1 /* Snapshot+Extensions.swift in Sources */,
				73E99B4728FAA14800D83487 /* Durations.swift in Sources */,
				737FF96028FDC29F0027F73A /* LabelInputContainerView.swift in Sources */,
				739FB2B428F730F5007C1929 /* UICollectionView+Extensions.swift in Sources */,
				73E99B4D28FAD97900D83487 /* Animator.swift in Sources */,
				73B72C7928F877DC006FD9B1 /* LabelTextViewConfiguration.swift in Sources */,
				739FB2AF28F72FCF007C1929 /* Functions.swift in Sources */,
				737FF95C28FDB1BB0027F73A /* CAShapeLayer+Extensions.swift in Sources */,
				739FB2A728F72EEA007C1929 /* FontItemCell.swift in Sources */,
				739FB28C28F72920007C1929 /* AppDelegate.swift in Sources */,
				739FB2A428F72D09007C1929 /* AutoLayout+Extensions.swift in Sources */,
				73E99B4328FA9EDC00D83487 /* Shape.swift in Sources */,
				73E99B4528FA9F3A00D83487 /* ShapeMorphingButton.swift in Sources */,
				73E99B5028FAED3C00D83487 /* LabelTextViewLayoutManager.swift in Sources */,
				739FB2B228F730A2007C1929 /* Configurable.swift in Sources */,
				739FB2A128F72BA1007C1929 /* FontCustomizationAccessoryView.swift in Sources */,
				737FF95E28FDB3080027F73A /* OutlineLinesShape.swift in Sources */,
				739FB28E28F72920007C1929 /* SceneDelegate.swift in Sources */,
			);
			runOnlyForDeploymentPostprocessing = 0;
		};
/* End PBXSourcesBuildPhase section */

/* Begin PBXVariantGroup section */
		739FB29628F72920007C1929 /* LaunchScreen.storyboard */ = {
			isa = PBXVariantGroup;
			children = (
				739FB29728F72920007C1929 /* Base */,
			);
			name = LaunchScreen.storyboard;
			sourceTree = "<group>";
		};
/* End PBXVariantGroup section */

/* Begin XCBuildConfiguration section */
		739FB29A28F72920007C1929 /* Debug */ = {
			isa = XCBuildConfiguration;
			buildSettings = {
				ALWAYS_SEARCH_USER_PATHS = NO;
				CLANG_ANALYZER_NONNULL = YES;
				CLANG_ANALYZER_NUMBER_OBJECT_CONVERSION = YES_AGGRESSIVE;
				CLANG_CXX_LANGUAGE_STANDARD = "gnu++17";
				CLANG_CXX_LIBRARY = "libc++";
				CLANG_ENABLE_MODULES = YES;
				CLANG_ENABLE_OBJC_ARC = YES;
				CLANG_ENABLE_OBJC_WEAK = YES;
				CLANG_WARN_BLOCK_CAPTURE_AUTORELEASING = YES;
				CLANG_WARN_BOOL_CONVERSION = YES;
				CLANG_WARN_COMMA = YES;
				CLANG_WARN_CONSTANT_CONVERSION = YES;
				CLANG_WARN_DEPRECATED_OBJC_IMPLEMENTATIONS = YES;
				CLANG_WARN_DIRECT_OBJC_ISA_USAGE = YES_ERROR;
				CLANG_WARN_DOCUMENTATION_COMMENTS = YES;
				CLANG_WARN_EMPTY_BODY = YES;
				CLANG_WARN_ENUM_CONVERSION = YES;
				CLANG_WARN_INFINITE_RECURSION = YES;
				CLANG_WARN_INT_CONVERSION = YES;
				CLANG_WARN_NON_LITERAL_NULL_CONVERSION = YES;
				CLANG_WARN_OBJC_IMPLICIT_RETAIN_SELF = YES;
				CLANG_WARN_OBJC_LITERAL_CONVERSION = YES;
				CLANG_WARN_OBJC_ROOT_CLASS = YES_ERROR;
				CLANG_WARN_QUOTED_INCLUDE_IN_FRAMEWORK_HEADER = YES;
				CLANG_WARN_RANGE_LOOP_ANALYSIS = YES;
				CLANG_WARN_STRICT_PROTOTYPES = YES;
				CLANG_WARN_SUSPICIOUS_MOVE = YES;
				CLANG_WARN_UNGUARDED_AVAILABILITY = YES_AGGRESSIVE;
				CLANG_WARN_UNREACHABLE_CODE = YES;
				CLANG_WARN__DUPLICATE_METHOD_MATCH = YES;
				COPY_PHASE_STRIP = NO;
				DEBUG_INFORMATION_FORMAT = dwarf;
				ENABLE_STRICT_OBJC_MSGSEND = YES;
				ENABLE_TESTABILITY = YES;
				GCC_C_LANGUAGE_STANDARD = gnu11;
				GCC_DYNAMIC_NO_PIC = NO;
				GCC_NO_COMMON_BLOCKS = YES;
				GCC_OPTIMIZATION_LEVEL = 0;
				GCC_PREPROCESSOR_DEFINITIONS = (
					"DEBUG=1",
					"$(inherited)",
				);
				GCC_WARN_64_TO_32_BIT_CONVERSION = YES;
				GCC_WARN_ABOUT_RETURN_TYPE = YES_ERROR;
				GCC_WARN_UNDECLARED_SELECTOR = YES;
				GCC_WARN_UNINITIALIZED_AUTOS = YES_AGGRESSIVE;
				GCC_WARN_UNUSED_FUNCTION = YES;
				GCC_WARN_UNUSED_VARIABLE = YES;
				IPHONEOS_DEPLOYMENT_TARGET = 15.2;
				MTL_ENABLE_DEBUG_INFO = INCLUDE_SOURCE;
				MTL_FAST_MATH = YES;
				ONLY_ACTIVE_ARCH = YES;
				SDKROOT = iphoneos;
				SWIFT_ACTIVE_COMPILATION_CONDITIONS = DEBUG;
				SWIFT_OPTIMIZATION_LEVEL = "-Onone";
			};
			name = Debug;
		};
		739FB29B28F72920007C1929 /* Release */ = {
			isa = XCBuildConfiguration;
			buildSettings = {
				ALWAYS_SEARCH_USER_PATHS = NO;
				CLANG_ANALYZER_NONNULL = YES;
				CLANG_ANALYZER_NUMBER_OBJECT_CONVERSION = YES_AGGRESSIVE;
				CLANG_CXX_LANGUAGE_STANDARD = "gnu++17";
				CLANG_CXX_LIBRARY = "libc++";
				CLANG_ENABLE_MODULES = YES;
				CLANG_ENABLE_OBJC_ARC = YES;
				CLANG_ENABLE_OBJC_WEAK = YES;
				CLANG_WARN_BLOCK_CAPTURE_AUTORELEASING = YES;
				CLANG_WARN_BOOL_CONVERSION = YES;
				CLANG_WARN_COMMA = YES;
				CLANG_WARN_CONSTANT_CONVERSION = YES;
				CLANG_WARN_DEPRECATED_OBJC_IMPLEMENTATIONS = YES;
				CLANG_WARN_DIRECT_OBJC_ISA_USAGE = YES_ERROR;
				CLANG_WARN_DOCUMENTATION_COMMENTS = YES;
				CLANG_WARN_EMPTY_BODY = YES;
				CLANG_WARN_ENUM_CONVERSION = YES;
				CLANG_WARN_INFINITE_RECURSION = YES;
				CLANG_WARN_INT_CONVERSION = YES;
				CLANG_WARN_NON_LITERAL_NULL_CONVERSION = YES;
				CLANG_WARN_OBJC_IMPLICIT_RETAIN_SELF = YES;
				CLANG_WARN_OBJC_LITERAL_CONVERSION = YES;
				CLANG_WARN_OBJC_ROOT_CLASS = YES_ERROR;
				CLANG_WARN_QUOTED_INCLUDE_IN_FRAMEWORK_HEADER = YES;
				CLANG_WARN_RANGE_LOOP_ANALYSIS = YES;
				CLANG_WARN_STRICT_PROTOTYPES = YES;
				CLANG_WARN_SUSPICIOUS_MOVE = YES;
				CLANG_WARN_UNGUARDED_AVAILABILITY = YES_AGGRESSIVE;
				CLANG_WARN_UNREACHABLE_CODE = YES;
				CLANG_WARN__DUPLICATE_METHOD_MATCH = YES;
				COPY_PHASE_STRIP = NO;
				DEBUG_INFORMATION_FORMAT = "dwarf-with-dsym";
				ENABLE_NS_ASSERTIONS = NO;
				ENABLE_STRICT_OBJC_MSGSEND = YES;
				GCC_C_LANGUAGE_STANDARD = gnu11;
				GCC_NO_COMMON_BLOCKS = YES;
				GCC_WARN_64_TO_32_BIT_CONVERSION = YES;
				GCC_WARN_ABOUT_RETURN_TYPE = YES_ERROR;
				GCC_WARN_UNDECLARED_SELECTOR = YES;
				GCC_WARN_UNINITIALIZED_AUTOS = YES_AGGRESSIVE;
				GCC_WARN_UNUSED_FUNCTION = YES;
				GCC_WARN_UNUSED_VARIABLE = YES;
				IPHONEOS_DEPLOYMENT_TARGET = 15.2;
				MTL_ENABLE_DEBUG_INFO = NO;
				MTL_FAST_MATH = YES;
				SDKROOT = iphoneos;
				SWIFT_COMPILATION_MODE = wholemodule;
				SWIFT_OPTIMIZATION_LEVEL = "-O";
				VALIDATE_PRODUCT = YES;
			};
			name = Release;
		};
		739FB29D28F72920007C1929 /* Debug */ = {
			isa = XCBuildConfiguration;
			buildSettings = {
				ASSETCATALOG_COMPILER_APPICON_NAME = AppIcon;
				ASSETCATALOG_COMPILER_GLOBAL_ACCENT_COLOR_NAME = AccentColor;
				CODE_SIGN_STYLE = Automatic;
				CURRENT_PROJECT_VERSION = 1;
				DEVELOPMENT_TEAM = 2QBX756QHJ;
				GENERATE_INFOPLIST_FILE = YES;
				INFOPLIST_FILE = TelegramContestApp/Info.plist;
				INFOPLIST_KEY_UIApplicationSupportsIndirectInputEvents = YES;
				INFOPLIST_KEY_UILaunchStoryboardName = LaunchScreen;
				INFOPLIST_KEY_UISupportedInterfaceOrientations_iPad = "UIInterfaceOrientationPortrait UIInterfaceOrientationPortraitUpsideDown UIInterfaceOrientationLandscapeLeft UIInterfaceOrientationLandscapeRight";
				INFOPLIST_KEY_UISupportedInterfaceOrientations_iPhone = "UIInterfaceOrientationPortrait UIInterfaceOrientationLandscapeLeft UIInterfaceOrientationLandscapeRight";
				IPHONEOS_DEPLOYMENT_TARGET = 13.0;
				LD_RUNPATH_SEARCH_PATHS = (
					"$(inherited)",
					"@executable_path/Frameworks",
				);
				MARKETING_VERSION = 1.0;
				PRODUCT_BUNDLE_IDENTIFIER = com.enoxus.contest.TelegramContestApp;
				PRODUCT_NAME = "$(TARGET_NAME)";
				SWIFT_EMIT_LOC_STRINGS = YES;
				SWIFT_VERSION = 5.0;
				TARGETED_DEVICE_FAMILY = "1,2";
			};
			name = Debug;
		};
		739FB29E28F72920007C1929 /* Release */ = {
			isa = XCBuildConfiguration;
			buildSettings = {
				ASSETCATALOG_COMPILER_APPICON_NAME = AppIcon;
				ASSETCATALOG_COMPILER_GLOBAL_ACCENT_COLOR_NAME = AccentColor;
				CODE_SIGN_STYLE = Automatic;
				CURRENT_PROJECT_VERSION = 1;
				DEVELOPMENT_TEAM = 2QBX756QHJ;
				GENERATE_INFOPLIST_FILE = YES;
				INFOPLIST_FILE = TelegramContestApp/Info.plist;
				INFOPLIST_KEY_UIApplicationSupportsIndirectInputEvents = YES;
				INFOPLIST_KEY_UILaunchStoryboardName = LaunchScreen;
				INFOPLIST_KEY_UISupportedInterfaceOrientations_iPad = "UIInterfaceOrientationPortrait UIInterfaceOrientationPortraitUpsideDown UIInterfaceOrientationLandscapeLeft UIInterfaceOrientationLandscapeRight";
				INFOPLIST_KEY_UISupportedInterfaceOrientations_iPhone = "UIInterfaceOrientationPortrait UIInterfaceOrientationLandscapeLeft UIInterfaceOrientationLandscapeRight";
				IPHONEOS_DEPLOYMENT_TARGET = 13.0;
				LD_RUNPATH_SEARCH_PATHS = (
					"$(inherited)",
					"@executable_path/Frameworks",
				);
				MARKETING_VERSION = 1.0;
				PRODUCT_BUNDLE_IDENTIFIER = com.enoxus.contest.TelegramContestApp;
				PRODUCT_NAME = "$(TARGET_NAME)";
				SWIFT_EMIT_LOC_STRINGS = YES;
				SWIFT_VERSION = 5.0;
				TARGETED_DEVICE_FAMILY = "1,2";
			};
			name = Release;
		};
/* End XCBuildConfiguration section */

/* Begin XCConfigurationList section */
		739FB28328F72920007C1929 /* Build configuration list for PBXProject "TelegramContestApp" */ = {
			isa = XCConfigurationList;
			buildConfigurations = (
				739FB29A28F72920007C1929 /* Debug */,
				739FB29B28F72920007C1929 /* Release */,
			);
			defaultConfigurationIsVisible = 0;
			defaultConfigurationName = Release;
		};
		739FB29C28F72920007C1929 /* Build configuration list for PBXNativeTarget "TelegramContestApp" */ = {
			isa = XCConfigurationList;
			buildConfigurations = (
				739FB29D28F72920007C1929 /* Debug */,
				739FB29E28F72920007C1929 /* Release */,
			);
			defaultConfigurationIsVisible = 0;
			defaultConfigurationName = Release;
		};
/* End XCConfigurationList section */
	};
	rootObject = 739FB28028F72920007C1929 /* Project object */;
}
